
Microsoft Visual Studio Solution File, Format Version 12.00
# Visual Studio 15
VisualStudioVersion = 15.0.28010.0
MinimumVisualStudioVersion = 10.0.40219.1
Project("{FAE04EC0-301F-11D3-BF4B-00C04F79EFBC}") = "P4Papi", "P4Papi\P4Papi.csproj", "{5C831E1B-958C-4F5F-AC24-AECFD590AF8E}"
EndProject
Global
	GlobalSection(SolutionConfigurationPlatforms) = preSolution
		Debug|Any CPU = Debug|Any CPU
		Release|Any CPU = Release|Any CPU
	EndGlobalSection
	GlobalSection(ProjectConfigurationPlatforms) = postSolution
		{5C831E1B-958C-4F5F-AC24-AECFD590AF8E}.Debug|Any CPU.ActiveCfg = Debug|Any CPU
		{5C831E1B-958C-4F5F-AC24-AECFD590AF8E}.Debug|Any CPU.Build.0 = Debug|Any CPU
		{5C831E1B-958C-4F5F-AC24-AECFD590AF8E}.Release|Any CPU.ActiveCfg = Release|Any CPU
		{5C831E1B-958C-4F5F-AC24-AECFD590AF8E}.Release|Any CPU.Build.0 = Release|Any CPU
	EndGlobalSection
	GlobalSection(SolutionProperties) = preSolution
		HideSolutionNode = FALSE
	EndGlobalSection
	GlobalSection(ExtensibilityGlobals) = postSolution
		SolutionGuid = {94DEAA34-F388-4E3D-AA60-18BF2DFFB4B5}
	EndGlobalSection
EndGlobal
